DEPENDENCIES
  Campsite Manager
    path: .
    metadata: true
  opsworks_ruby (= 1.4.0)
  packages (~> 1.0.0)

GRAPH
  Campsite Manager (0.1.0)
    opsworks_ruby (= 1.4.0)
    packages (~> 1.0.0)
  apt (7.4.0)
  build-essential (8.2.1)
    mingw (>= 1.1)
    seven_zip (>= 0.0.0)
  chef_nginx (6.2.0)
    build-essential (>= 0.0.0)
    compat_resource (>= 12.16.3)
    ohai (>= 4.1.0)
    yum-epel (>= 0.0.0)
    zypper (>= 0.0.0)
  compat_resource (12.19.1)
  deployer (0.1.1)
    sudo (>= 0.0.0)
  mingw (2.1.1)
    seven_zip (>= 0.0.0)
  ohai (5.3.0)
  opsworks_ruby (1.4.0)
    chef_nginx (>= 0.0.0)
    deployer (>= 0.0.0)
    ruby-ng (>= 0.0.0)
  packages (1.0.0)
  ruby-ng (0.3.0)
    apt (>= 0.0.0)
    build-essential (>= 0.0.0)
  seven_zip (3.2.0)
    windows (>= 0.0.0)
  sudo (5.4.6)
  windows (7.0.2)
  yum-epel (4.1.1)
  zypper (0.4.0)
